
Microsoft Visual Studio Solution File, Format Version 12.00
# Visual Studio Version 16
VisualStudioVersion = 16.0.31702.278
MinimumVisualStudioVersion = 10.0.40219.1
Project("{FAE04EC0-301F-11D3-BF4B-00C04F79EFBC}") = "Toppings", "Toppings.csproj", "{C564A384-10EC-484F-ABE3-923E44CE429C}"
EndProject
Global
	GlobalSection(SolutionConfigurationPlatforms) = preSolution
		Debug|Any CPU = Debug|Any CPU
		Release|Any CPU = Release|Any CPU
	EndGlobalSection
	GlobalSection(ProjectConfigurationPlatforms) = postSolution
		{C564A384-10EC-484F-ABE3-923E44CE429C}.Debug|Any CPU.ActiveCfg = Debug|Any CPU
		{C564A384-10EC-484F-ABE3-923E44CE429C}.Debug|Any CPU.Build.0 = Debug|Any CPU
		{C564A384-10EC-484F-ABE3-923E44CE429C}.Release|Any CPU.ActiveCfg = Release|Any CPU
		{C564A384-10EC-484F-ABE3-923E44CE429C}.Release|Any CPU.Build.0 = Release|Any CPU
	EndGlobalSection
	GlobalSection(SolutionProperties) = preSolution
		HideSolutionNode = FALSE
	EndGlobalSection
	GlobalSection(ExtensibilityGlobals) = postSolution
		SolutionGuid = {F473C835-57FD-493E-8D1A-7D68BC841E41}
	EndGlobalSection
EndGlobal
